
Microsoft Visual Studio Solution File, Format Version 12.00
# Visual Studio Version 16
VisualStudioVersion = 16.0.32802.440
MinimumVisualStudioVersion = 10.0.40219.1
Project("{9A19103F-16F7-4668-BE54-9A1E7A4F7556}") = "QLNH.Web", "QLNH.Web\QLNH.Web.csproj", "{35860A6A-B09D-43E9-B8F8-6AD4AD384D14}"
EndProject
Project("{9A19103F-16F7-4668-BE54-9A1E7A4F7556}") = "QLNH.DAL", "QLNH.DAL\QLNH.DAL.csproj", "{08930B58-06DE-4568-8D9A-4DD801C43BEE}"
EndProject
Project("{9A19103F-16F7-4668-BE54-9A1E7A4F7556}") = "QLNH.BLL", "QLNH.BLL\QLNH.BLL.csproj", "{89948D93-5F79-447C-A108-C5D2986536D3}"
EndProject
Project("{9A19103F-16F7-4668-BE54-9A1E7A4F7556}") = "QLNH.Common", "QLNH.Common\QLNH.Common.csproj", "{125ADDBF-36F2-4413-9099-ACF18750C427}"
EndProject
Global
	GlobalSection(SolutionConfigurationPlatforms) = preSolution
		Debug|Any CPU = Debug|Any CPU
		Release|Any CPU = Release|Any CPU
	EndGlobalSection
	GlobalSection(ProjectConfigurationPlatforms) = postSolution
		{35860A6A-B09D-43E9-B8F8-6AD4AD384D14}.Debug|Any CPU.ActiveCfg = Debug|Any CPU
		{35860A6A-B09D-43E9-B8F8-6AD4AD384D14}.Debug|Any CPU.Build.0 = Debug|Any CPU
		{35860A6A-B09D-43E9-B8F8-6AD4AD384D14}.Release|Any CPU.ActiveCfg = Release|Any CPU
		{35860A6A-B09D-43E9-B8F8-6AD4AD384D14}.Release|Any CPU.Build.0 = Release|Any CPU
		{08930B58-06DE-4568-8D9A-4DD801C43BEE}.Debug|Any CPU.ActiveCfg = Debug|Any CPU
		{08930B58-06DE-4568-8D9A-4DD801C43BEE}.Debug|Any CPU.Build.0 = Debug|Any CPU
		{08930B58-06DE-4568-8D9A-4DD801C43BEE}.Release|Any CPU.ActiveCfg = Release|Any CPU
		{08930B58-06DE-4568-8D9A-4DD801C43BEE}.Release|Any CPU.Build.0 = Release|Any CPU
		{89948D93-5F79-447C-A108-C5D2986536D3}.Debug|Any CPU.ActiveCfg = Debug|Any CPU
		{89948D93-5F79-447C-A108-C5D2986536D3}.Debug|Any CPU.Build.0 = Debug|Any CPU
		{89948D93-5F79-447C-A108-C5D2986536D3}.Release|Any CPU.ActiveCfg = Release|Any CPU
		{89948D93-5F79-447C-A108-C5D2986536D3}.Release|Any CPU.Build.0 = Release|Any CPU
		{125ADDBF-36F2-4413-9099-ACF18750C427}.Debug|Any CPU.ActiveCfg = Debug|Any CPU
		{125ADDBF-36F2-4413-9099-ACF18750C427}.Debug|Any CPU.Build.0 = Debug|Any CPU
		{125ADDBF-36F2-4413-9099-ACF18750C427}.Release|Any CPU.ActiveCfg = Release|Any CPU
		{125ADDBF-36F2-4413-9099-ACF18750C427}.Release|Any CPU.Build.0 = Release|Any CPU
	EndGlobalSection
	GlobalSection(SolutionProperties) = preSolution
		HideSolutionNode = FALSE
	EndGlobalSection
	GlobalSection(ExtensibilityGlobals) = postSolution
		SolutionGuid = {FB0330E4-FEEE-4A1E-ACDF-A3FCDC874C37}
	EndGlobalSection
EndGlobal
